
Microsoft Visual Studio Solution File, Format Version 12.00
# Visual Studio 15
VisualStudioVersion = 15.0.26124.0
MinimumVisualStudioVersion = 15.0.26124.0
Project("{2150E333-8FDC-42A3-9474-1A3956D46DE8}") = "src", "src", "{998B23B0-2A52-4A08-84B2-B21B63FF9638}"
EndProject
Project("{FAE04EC0-301F-11D3-BF4B-00C04F79EFBC}") = "WriteYourselfAGit.Cli", "src\WriteYourselfAGit.Cli\WriteYourselfAGit.Cli.csproj", "{93322625-F3C8-4606-A56E-22109998377C}"
EndProject
Project("{FAE04EC0-301F-11D3-BF4B-00C04F79EFBC}") = "WriteYourselfAGit.Core", "src\WriteYourselfAGit.Core\WriteYourselfAGit.Core.csproj", "{2DE15626-2EE5-450A-9D67-326900A0DD88}"
EndProject
Global
	GlobalSection(SolutionConfigurationPlatforms) = preSolution
		Debug|Any CPU = Debug|Any CPU
		Debug|x64 = Debug|x64
		Debug|x86 = Debug|x86
		Release|Any CPU = Release|Any CPU
		Release|x64 = Release|x64
		Release|x86 = Release|x86
	EndGlobalSection
	GlobalSection(SolutionProperties) = preSolution
		HideSolutionNode = FALSE
	EndGlobalSection
	GlobalSection(ProjectConfigurationPlatforms) = postSolution
		{93322625-F3C8-4606-A56E-22109998377C}.Debug|Any CPU.ActiveCfg = Debug|Any CPU
		{93322625-F3C8-4606-A56E-22109998377C}.Debug|Any CPU.Build.0 = Debug|Any CPU
		{93322625-F3C8-4606-A56E-22109998377C}.Debug|x64.ActiveCfg = Debug|Any CPU
		{93322625-F3C8-4606-A56E-22109998377C}.Debug|x64.Build.0 = Debug|Any CPU
		{93322625-F3C8-4606-A56E-22109998377C}.Debug|x86.ActiveCfg = Debug|Any CPU
		{93322625-F3C8-4606-A56E-22109998377C}.Debug|x86.Build.0 = Debug|Any CPU
		{93322625-F3C8-4606-A56E-22109998377C}.Release|Any CPU.ActiveCfg = Release|Any CPU
		{93322625-F3C8-4606-A56E-22109998377C}.Release|Any CPU.Build.0 = Release|Any CPU
		{93322625-F3C8-4606-A56E-22109998377C}.Release|x64.ActiveCfg = Release|Any CPU
		{93322625-F3C8-4606-A56E-22109998377C}.Release|x64.Build.0 = Release|Any CPU
		{93322625-F3C8-4606-A56E-22109998377C}.Release|x86.ActiveCfg = Release|Any CPU
		{93322625-F3C8-4606-A56E-22109998377C}.Release|x86.Build.0 = Release|Any CPU
		{2DE15626-2EE5-450A-9D67-326900A0DD88}.Debug|Any CPU.ActiveCfg = Debug|Any CPU
		{2DE15626-2EE5-450A-9D67-326900A0DD88}.Debug|Any CPU.Build.0 = Debug|Any CPU
		{2DE15626-2EE5-450A-9D67-326900A0DD88}.Debug|x64.ActiveCfg = Debug|Any CPU
		{2DE15626-2EE5-450A-9D67-326900A0DD88}.Debug|x64.Build.0 = Debug|Any CPU
		{2DE15626-2EE5-450A-9D67-326900A0DD88}.Debug|x86.ActiveCfg = Debug|Any CPU
		{2DE15626-2EE5-450A-9D67-326900A0DD88}.Debug|x86.Build.0 = Debug|Any CPU
		{2DE15626-2EE5-450A-9D67-326900A0DD88}.Release|Any CPU.ActiveCfg = Release|Any CPU
		{2DE15626-2EE5-450A-9D67-326900A0DD88}.Release|Any CPU.Build.0 = Release|Any CPU
		{2DE15626-2EE5-450A-9D67-326900A0DD88}.Release|x64.ActiveCfg = Release|Any CPU
		{2DE15626-2EE5-450A-9D67-326900A0DD88}.Release|x64.Build.0 = Release|Any CPU
		{2DE15626-2EE5-450A-9D67-326900A0DD88}.Release|x86.ActiveCfg = Release|Any CPU
		{2DE15626-2EE5-450A-9D67-326900A0DD88}.Release|x86.Build.0 = Release|Any CPU
	EndGlobalSection
	GlobalSection(NestedProjects) = preSolution
		{93322625-F3C8-4606-A56E-22109998377C} = {998B23B0-2A52-4A08-84B2-B21B63FF9638}
		{2DE15626-2EE5-450A-9D67-326900A0DD88} = {998B23B0-2A52-4A08-84B2-B21B63FF9638}
	EndGlobalSection
EndGlobal
